
Microsoft Visual Studio Solution File, Format Version 12.00
# Visual Studio Version 17
VisualStudioVersion = 17.14.36401.2 d17.14
MinimumVisualStudioVersion = 10.0.40219.1
Project("{FAE04EC0-301F-11D3-BF4B-00C04F79EFBC}") = "Tutorial_3_2", "Tutorial_3_2\Tutorial_3_2.csproj", "{6CDF56C2-BD1C-4E4C-97BA-B5278310D1B3}"
EndProject
Global
	GlobalSection(SolutionConfigurationPlatforms) = preSolution
		Debug|Any CPU = Debug|Any CPU
		Release|Any CPU = Release|Any CPU
	EndGlobalSection
	GlobalSection(ProjectConfigurationPlatforms) = postSolution
		{6CDF56C2-BD1C-4E4C-97BA-B5278310D1B3}.Debug|Any CPU.ActiveCfg = Debug|Any CPU
		{6CDF56C2-BD1C-4E4C-97BA-B5278310D1B3}.Debug|Any CPU.Build.0 = Debug|Any CPU
		{6CDF56C2-BD1C-4E4C-97BA-B5278310D1B3}.Release|Any CPU.ActiveCfg = Release|Any CPU
		{6CDF56C2-BD1C-4E4C-97BA-B5278310D1B3}.Release|Any CPU.Build.0 = Release|Any CPU
	EndGlobalSection
	GlobalSection(SolutionProperties) = preSolution
		HideSolutionNode = FALSE
	EndGlobalSection
	GlobalSection(ExtensibilityGlobals) = postSolution
		SolutionGuid = {EC90F7CA-51A9-48E1-B2F1-7EEA8CE59B4F}
	EndGlobalSection
EndGlobal
