
Microsoft Visual Studio Solution File, Format Version 12.00
# Visual Studio Version 17
VisualStudioVersion = 17.14.36401.2 d17.14
MinimumVisualStudioVersion = 10.0.40219.1
Project("{FAE04EC0-301F-11D3-BF4B-00C04F79EFBC}") = "Tutorial_2_3", "Tutorial_2_3\Tutorial_2_3.csproj", "{EE82D379-117F-4A28-BF03-9B34183210CB}"
EndProject
Global
	GlobalSection(SolutionConfigurationPlatforms) = preSolution
		Debug|Any CPU = Debug|Any CPU
		Release|Any CPU = Release|Any CPU
	EndGlobalSection
	GlobalSection(ProjectConfigurationPlatforms) = postSolution
		{EE82D379-117F-4A28-BF03-9B34183210CB}.Debug|Any CPU.ActiveCfg = Debug|Any CPU
		{EE82D379-117F-4A28-BF03-9B34183210CB}.Debug|Any CPU.Build.0 = Debug|Any CPU
		{EE82D379-117F-4A28-BF03-9B34183210CB}.Release|Any CPU.ActiveCfg = Release|Any CPU
		{EE82D379-117F-4A28-BF03-9B34183210CB}.Release|Any CPU.Build.0 = Release|Any CPU
	EndGlobalSection
	GlobalSection(SolutionProperties) = preSolution
		HideSolutionNode = FALSE
	EndGlobalSection
	GlobalSection(ExtensibilityGlobals) = postSolution
		SolutionGuid = {D8CEC2D6-E3A4-4973-ADDE-4ECEC2BB3950}
	EndGlobalSection
EndGlobal
