
Microsoft Visual Studio Solution File, Format Version 12.00
# Visual Studio Version 17
VisualStudioVersion = 17.14.36401.2 d17.14
MinimumVisualStudioVersion = 10.0.40219.1
Project("{FAE04EC0-301F-11D3-BF4B-00C04F79EFBC}") = "LoginDemo", "LoginDemo\LoginDemo.csproj", "{CE45B792-51C2-45FF-AE2D-641894735D57}"
EndProject
Global
	GlobalSection(SolutionConfigurationPlatforms) = preSolution
		Debug|Any CPU = Debug|Any CPU
		Release|Any CPU = Release|Any CPU
	EndGlobalSection
	GlobalSection(ProjectConfigurationPlatforms) = postSolution
		{CE45B792-51C2-45FF-AE2D-641894735D57}.Debug|Any CPU.ActiveCfg = Debug|Any CPU
		{CE45B792-51C2-45FF-AE2D-641894735D57}.Debug|Any CPU.Build.0 = Debug|Any CPU
		{CE45B792-51C2-45FF-AE2D-641894735D57}.Release|Any CPU.ActiveCfg = Release|Any CPU
		{CE45B792-51C2-45FF-AE2D-641894735D57}.Release|Any CPU.Build.0 = Release|Any CPU
	EndGlobalSection
	GlobalSection(SolutionProperties) = preSolution
		HideSolutionNode = FALSE
	EndGlobalSection
	GlobalSection(ExtensibilityGlobals) = postSolution
		SolutionGuid = {D8563750-23D9-4FFE-9643-5475CEEA6B0C}
	EndGlobalSection
EndGlobal
